
Microsoft Visual Studio Solution File, Format Version 12.00
# Visual Studio Version 17
VisualStudioVersion = 17.0.32002.185
MinimumVisualStudioVersion = 10.0.40219.1
Project("{9A19103F-16F7-4668-BE54-9A1E7A4F7556}") = "Projeto001", "Projeto001\Projeto001.csproj", "{5818DD7A-B47E-45C5-8EBE-0CDD0182D0BD}"
EndProject
Project("{9A19103F-16F7-4668-BE54-9A1E7A4F7556}") = "Projeto001Tests", "Projeto001Tests\Projeto001Tests.csproj", "{9CFA32A4-5DC2-4337-9714-4BFE0639FC34}"
EndProject
Project("{9A19103F-16F7-4668-BE54-9A1E7A4F7556}") = "par-impar", "par-impar\par-impar.csproj", "{AB27470E-30D1-4419-94D3-C6DC408783D5}"
EndProject
Project("{FAE04EC0-301F-11D3-BF4B-00C04F79EFBC}") = "teste", "teste\teste.csproj", "{8FF09316-B5A4-45A6-BB96-DEBA72077BA1}"
EndProject
Global
	GlobalSection(SolutionConfigurationPlatforms) = preSolution
		Debug|Any CPU = Debug|Any CPU
		Release|Any CPU = Release|Any CPU
	EndGlobalSection
	GlobalSection(ProjectConfigurationPlatforms) = postSolution
		{5818DD7A-B47E-45C5-8EBE-0CDD0182D0BD}.Debug|Any CPU.ActiveCfg = Debug|Any CPU
		{5818DD7A-B47E-45C5-8EBE-0CDD0182D0BD}.Debug|Any CPU.Build.0 = Debug|Any CPU
		{5818DD7A-B47E-45C5-8EBE-0CDD0182D0BD}.Release|Any CPU.ActiveCfg = Release|Any CPU
		{5818DD7A-B47E-45C5-8EBE-0CDD0182D0BD}.Release|Any CPU.Build.0 = Release|Any CPU
		{9CFA32A4-5DC2-4337-9714-4BFE0639FC34}.Debug|Any CPU.ActiveCfg = Debug|Any CPU
		{9CFA32A4-5DC2-4337-9714-4BFE0639FC34}.Debug|Any CPU.Build.0 = Debug|Any CPU
		{9CFA32A4-5DC2-4337-9714-4BFE0639FC34}.Release|Any CPU.ActiveCfg = Release|Any CPU
		{9CFA32A4-5DC2-4337-9714-4BFE0639FC34}.Release|Any CPU.Build.0 = Release|Any CPU
		{AB27470E-30D1-4419-94D3-C6DC408783D5}.Debug|Any CPU.ActiveCfg = Debug|Any CPU
		{AB27470E-30D1-4419-94D3-C6DC408783D5}.Debug|Any CPU.Build.0 = Debug|Any CPU
		{AB27470E-30D1-4419-94D3-C6DC408783D5}.Release|Any CPU.ActiveCfg = Release|Any CPU
		{AB27470E-30D1-4419-94D3-C6DC408783D5}.Release|Any CPU.Build.0 = Release|Any CPU
		{8FF09316-B5A4-45A6-BB96-DEBA72077BA1}.Debug|Any CPU.ActiveCfg = Debug|Any CPU
		{8FF09316-B5A4-45A6-BB96-DEBA72077BA1}.Debug|Any CPU.Build.0 = Debug|Any CPU
		{8FF09316-B5A4-45A6-BB96-DEBA72077BA1}.Release|Any CPU.ActiveCfg = Release|Any CPU
		{8FF09316-B5A4-45A6-BB96-DEBA72077BA1}.Release|Any CPU.Build.0 = Release|Any CPU
	EndGlobalSection
	GlobalSection(SolutionProperties) = preSolution
		HideSolutionNode = FALSE
	EndGlobalSection
	GlobalSection(ExtensibilityGlobals) = postSolution
		SolutionGuid = {1B3227B8-05F7-4362-9886-27169B0832BF}
	EndGlobalSection
EndGlobal
